
Microsoft Visual Studio Solution File, Format Version 12.00
# Visual Studio Version 16
VisualStudioVersion = 16.0.29509.3
MinimumVisualStudioVersion = 10.0.40219.1
Project("{FAE04EC0-301F-11D3-BF4B-00C04F79EFBC}") = "StockAPP", "StockAPP\StockAPP.csproj", "{03C899F6-7227-4454-AC0F-5DE7B4FD3383}"
EndProject
Global
	GlobalSection(SolutionConfigurationPlatforms) = preSolution
		Debug|Any CPU = Debug|Any CPU
		Release|Any CPU = Release|Any CPU
	EndGlobalSection
	GlobalSection(ProjectConfigurationPlatforms) = postSolution
		{03C899F6-7227-4454-AC0F-5DE7B4FD3383}.Debug|Any CPU.ActiveCfg = Debug|Any CPU
		{03C899F6-7227-4454-AC0F-5DE7B4FD3383}.Debug|Any CPU.Build.0 = Debug|Any CPU
		{03C899F6-7227-4454-AC0F-5DE7B4FD3383}.Release|Any CPU.ActiveCfg = Release|Any CPU
		{03C899F6-7227-4454-AC0F-5DE7B4FD3383}.Release|Any CPU.Build.0 = Release|Any CPU
	EndGlobalSection
	GlobalSection(SolutionProperties) = preSolution
		HideSolutionNode = FALSE
	EndGlobalSection
	GlobalSection(ExtensibilityGlobals) = postSolution
		SolutionGuid = {EEE1EBEE-5B3A-4127-9958-CC2A7C0F3C7C}
	EndGlobalSection
EndGlobal
